
Microsoft Visual Studio Solution File, Format Version 12.00
# Visual Studio Version 16
VisualStudioVersion = 16.0.30621.155
MinimumVisualStudioVersion = 10.0.40219.1
Project("{8BC9CEB8-8B4A-11D0-8D11-00A0C91BC942}") = "2D_arrays", "2D_arrays.vcxproj", "{850159E7-908A-45C9-9BE1-51A03C7CB6D7}"
EndProject
Global
	GlobalSection(SolutionConfigurationPlatforms) = preSolution
		Debug|x64 = Debug|x64
		Debug|x86 = Debug|x86
		Release|x64 = Release|x64
		Release|x86 = Release|x86
	EndGlobalSection
	GlobalSection(ProjectConfigurationPlatforms) = postSolution
		{850159E7-908A-45C9-9BE1-51A03C7CB6D7}.Debug|x64.ActiveCfg = Debug|x64
		{850159E7-908A-45C9-9BE1-51A03C7CB6D7}.Debug|x64.Build.0 = Debug|x64
		{850159E7-908A-45C9-9BE1-51A03C7CB6D7}.Debug|x86.ActiveCfg = Debug|Win32
		{850159E7-908A-45C9-9BE1-51A03C7CB6D7}.Debug|x86.Build.0 = Debug|Win32
		{850159E7-908A-45C9-9BE1-51A03C7CB6D7}.Release|x64.ActiveCfg = Release|x64
		{850159E7-908A-45C9-9BE1-51A03C7CB6D7}.Release|x64.Build.0 = Release|x64
		{850159E7-908A-45C9-9BE1-51A03C7CB6D7}.Release|x86.ActiveCfg = Release|Win32
		{850159E7-908A-45C9-9BE1-51A03C7CB6D7}.Release|x86.Build.0 = Release|Win32
	EndGlobalSection
	GlobalSection(SolutionProperties) = preSolution
		HideSolutionNode = FALSE
	EndGlobalSection
	GlobalSection(ExtensibilityGlobals) = postSolution
		SolutionGuid = {6FD2B340-CA69-4B67-9975-5B200D2B30E5}
	EndGlobalSection
EndGlobal
